
Microsoft Visual Studio Solution File, Format Version 12.00
# Visual Studio Version 17
VisualStudioVersion = 17.4.33122.133
MinimumVisualStudioVersion = 10.0.40219.1
Project("{FAE04EC0-301F-11D3-BF4B-00C04F79EFBC}") = "AutoDI", "AutoDI\AutoDI.csproj", "{1BF63F95-0548-405D-A5BF-C6F201EC998C}"
EndProject
Global
	GlobalSection(SolutionConfigurationPlatforms) = preSolution
		Debug|Any CPU = Debug|Any CPU
		Release|Any CPU = Release|Any CPU
	EndGlobalSection
	GlobalSection(ProjectConfigurationPlatforms) = postSolution
		{1BF63F95-0548-405D-A5BF-C6F201EC998C}.Debug|Any CPU.ActiveCfg = Debug|Any CPU
		{1BF63F95-0548-405D-A5BF-C6F201EC998C}.Debug|Any CPU.Build.0 = Debug|Any CPU
		{1BF63F95-0548-405D-A5BF-C6F201EC998C}.Release|Any CPU.ActiveCfg = Release|Any CPU
		{1BF63F95-0548-405D-A5BF-C6F201EC998C}.Release|Any CPU.Build.0 = Release|Any CPU
	EndGlobalSection
	GlobalSection(SolutionProperties) = preSolution
		HideSolutionNode = FALSE
	EndGlobalSection
	GlobalSection(ExtensibilityGlobals) = postSolution
		SolutionGuid = {A49CC8E4-27E4-4957-9798-16C82082FC8D}
	EndGlobalSection
EndGlobal
